// !$*UTF8*$!
{
	archiveVersion = 1;
	classes = {
	};
	objectVersion = 46;
	objects = {

/* Begin PBXBuildFile section */
		0301DCF919D2F6ED00A38452 /* Struct.h in Sources */ = {isa = PBXBuildFile; fileRef = 03842FC319D1586400B92E96 /* Struct.h */; };
		03428A9A19D5A2660013341A /* NSMutableString.h in Sources */ = {isa = PBXBuildFile; fileRef = 03428A9919D5A2660013341A /* NSMutableString.h */; };
		03428A9C19D5A4B10013341A /* NSArray.h in Sources */ = {isa = PBXBuildFile; fileRef = 03428A9B19D5A4B10013341A /* NSArray.h */; };
		03428A9F19D5A8FF0013341A /* Student.m in Sources */ = {isa = PBXBuildFile; fileRef = 03428A9E19D5A8FF0013341A /* Student.m */; };
		03428AA019D5B50E0013341A /* main.m in Sources */ = {isa = PBXBuildFile; fileRef = 03842FBC19D14F8400B92E96 /* main.m */; };
		036CD62F19D1AE2000D653B5 /* NS_Class.h in Sources */ = {isa = PBXBuildFile; fileRef = 036CD62E19D1AE2000D653B5 /* NS_Class.h */; };
/* End PBXBuildFile section */

/* Begin PBXCopyFilesBuildPhase section */
		03842FB719D14F8400B92E96 /* CopyFiles */ = {
			isa = PBXCopyFilesBuildPhase;
			buildActionMask = 2147483647;
			dstPath = /usr/share/man/man1/;
			dstSubfolderSpec = 0;
			files = (
			);
			runOnlyForDeploymentPostprocessing = 1;
		};
/* End PBXCopyFilesBuildPhase section */

/* Begin PBXFileReference section */
		0301DCFA19D2FC9C00A38452 /* NSString.h */ = {isa = PBXFileReference; lastKnownFileType = sourcecode.c.h; path = NSString.h; sourceTree = "<group>"; };
		03428A9919D5A2660013341A /* NSMutableString.h */ = {isa = PBXFileReference; fileEncoding = 4; lastKnownFileType = sourcecode.c.h; path = NSMutableString.h; sourceTree = "<group>"; };
		03428A9B19D5A4B10013341A /* NSArray.h */ = {isa = PBXFileReference; fileEncoding = 4; lastKnownFileType = sourcecode.c.h; path = NSArray.h; sourceTree = "<group>"; };
		03428A9D19D5A8FF0013341A /* Student.h */ = {isa = PBXFileReference; fileEncoding = 4; lastKnownFileType = sourcecode.c.h; path = Student.h; sourceTree = "<group>"; };
		03428A9E19D5A8FF0013341A /* Student.m */ = {isa = PBXFileReference; fileEncoding = 4; lastKnownFileType = sourcecode.c.objc; path = Student.m; sourceTree = "<group>"; };
		036CD62E19D1AE2000D653B5 /* NS_Class.h */ = {isa = PBXFileReference; fileEncoding = 4; lastKnownFileType = sourcecode.c.h; path = NS_Class.h; sourceTree = "<group>"; };
		03842FB919D14F8400B92E96 /* FoundationFramework */ = {isa = PBXFileReference; explicitFileType = "compiled.mach-o.executable"; includeInIndex = 0; path = FoundationFramework; sourceTree = BUILT_PRODUCTS_DIR; };
		03842FBC19D14F8400B92E96 /* main.m */ = {isa = PBXFileReference; lastKnownFileType = sourcecode.c.objc; path = main.m; sourceTree = "<group>"; };
		03842FC319D1586400B92E96 /* Struct.h */ = {isa = PBXFileReference; fileEncoding = 4; lastKnownFileType = sourcecode.c.h; path = Struct.h; sourceTree = "<group>"; };
/* End PBXFileReference section */

/* Begin PBXFrameworksBuildPhase section */
		03842FB619D14F8400B92E96 /* Frameworks */ = {
			isa = PBXFrameworksBuildPhase;
			buildActionMask = 2147483647;
			files = (
			);
			runOnlyForDeploymentPostprocessing = 0;
		};
/* End PBXFrameworksBuildPhase section */

/* Begin PBXGroup section */
		03842FB019D14F8400B92E96 = {
			isa = PBXGroup;
			children = (
				03842FBB19D14F8400B92E96 /* FoundationFramework */,
				03842FBA19D14F8400B92E96 /* Products */,
			);
			sourceTree = "<group>";
		};
		03842FBA19D14F8400B92E96 /* Products */ = {
			isa = PBXGroup;
			children = (
				03842FB919D14F8400B92E96 /* FoundationFramework */,
			);
			name = Products;
			sourceTree = "<group>";
		};
		03842FBB19D14F8400B92E96 /* FoundationFramework */ = {
			isa = PBXGroup;
			children = (
				03842FBC19D14F8400B92E96 /* main.m */,
				03842FC319D1586400B92E96 /* Struct.h */,
				036CD62E19D1AE2000D653B5 /* NS_Class.h */,
				0301DCFA19D2FC9C00A38452 /* NSString.h */,
				03428A9919D5A2660013341A /* NSMutableString.h */,
				03428A9B19D5A4B10013341A /* NSArray.h */,
				03428A9D19D5A8FF0013341A /* Student.h */,
				03428A9E19D5A8FF0013341A /* Student.m */,
			);
			path = FoundationFramework;
			sourceTree = "<group>";
		};
/* End PBXGroup section */

/* Begin PBXNativeTarget section */
		03842FB819D14F8400B92E96 /* FoundationFramework */ = {
			isa = PBXNativeTarget;
			buildConfigurationList = 03842FC019D14F8400B92E96 /* Build configuration list for PBXNativeTarget "FoundationFramework" */;
			buildPhases = (
				03842FB519D14F8400B92E96 /* Sources */,
				03842FB619D14F8400B92E96 /* Frameworks */,
				03842FB719D14F8400B92E96 /* CopyFiles */,
			);
			buildRules = (
			);
			dependencies = (
			);
			name = FoundationFramework;
			productName = FoundationFramework;
			productReference = 03842FB919D14F8400B92E96 /* FoundationFramework */;
			productType = "com.apple.product-type.tool";
		};
/* End PBXNativeTarget section */

/* Begin PBXProject section */
		03842FB119D14F8400B92E96 /* Project object */ = {
			isa = PBXProject;
			attributes = {
				LastUpgradeCheck = 0600;
				ORGANIZATIONNAME = Geekii;
				TargetAttributes = {
					03842FB819D14F8400B92E96 = {
						CreatedOnToolsVersion = 6.0.1;
					};
				};
			};
			buildConfigurationList = 03842FB419D14F8400B92E96 /* Build configuration list for PBXProject "FoundationFramework" */;
			compatibilityVersion = "Xcode 3.2";
			developmentRegion = English;
			hasScannedForEncodings = 0;
			knownRegions = (
				en,
			);
			mainGroup = 03842FB019D14F8400B92E96;
			productRefGroup = 03842FBA19D14F8400B92E96 /* Products */;
			projectDirPath = "";
			projectRoot = "";
			targets = (
				03842FB819D14F8400B92E96 /* FoundationFramework */,
			);
		};
/* End PBXProject section */

/* Begin PBXSourcesBuildPhase section */
		03842FB519D14F8400B92E96 /* Sources */ = {
			isa = PBXSourcesBuildPhase;
			buildActionMask = 2147483647;
			files = (
				0301DCF919D2F6ED00A38452 /* Struct.h in Sources */,
				03428A9C19D5A4B10013341A /* NSArray.h in Sources */,
				036CD62F19D1AE2000D653B5 /* NS_Class.h in Sources */,
				03428A9A19D5A2660013341A /* NSMutableString.h in Sources */,
				03428AA019D5B50E0013341A /* main.m in Sources */,
				03428A9F19D5A8FF0013341A /* Student.m in Sources */,
			);
			runOnlyForDeploymentPostprocessing = 0;
		};
/* End PBXSourcesBuildPhase section */

/* Begin XCBuildConfiguration section */
		03842FBE19D14F8400B92E96 /* Debug */ = {
			isa = XCBuildConfiguration;
			buildSettings = {
				ALWAYS_SEARCH_USER_PATHS = NO;
				CLANG_CXX_LANGUAGE_STANDARD = "gnu++0x";
				CLANG_CXX_LIBRARY = "libc++";
				CLANG_ENABLE_MODULES = YES;
				CLANG_ENABLE_OBJC_ARC = YES;
				CLANG_WARN_BOOL_CONVERSION = YES;
				CLANG_WARN_CONSTANT_CONVERSION = YES;
				CLANG_WARN_DIRECT_OBJC_ISA_USAGE = YES_ERROR;
				CLANG_WARN_EMPTY_BODY = YES;
				CLANG_WARN_ENUM_CONVERSION = YES;
				CLANG_WARN_INT_CONVERSION = YES;
				CLANG_WARN_OBJC_ROOT_CLASS = YES_ERROR;
				CLANG_WARN_UNREACHABLE_CODE = YES;
				CLANG_WARN__DUPLICATE_METHOD_MATCH = YES;
				COPY_PHASE_STRIP = NO;
				ENABLE_STRICT_OBJC_MSGSEND = YES;
				GCC_C_LANGUAGE_STANDARD = gnu99;
				GCC_DYNAMIC_NO_PIC = NO;
				GCC_OPTIMIZATION_LEVEL = 0;
				GCC_PREPROCESSOR_DEFINITIONS = (
					"DEBUG=1",
					"$(inherited)",
				);
				GCC_SYMBOLS_PRIVATE_EXTERN = NO;
				GCC_WARN_64_TO_32_BIT_CONVERSION = YES;
				GCC_WARN_ABOUT_RETURN_TYPE = YES_ERROR;
				GCC_WARN_UNDECLARED_SELECTOR = YES;
				GCC_WARN_UNINITIALIZED_AUTOS = YES_AGGRESSIVE;
				GCC_WARN_UNUSED_FUNCTION = YES;
				GCC_WARN_UNUSED_VARIABLE = YES;
				MACOSX_DEPLOYMENT_TARGET = 10.9;
				MTL_ENABLE_DEBUG_INFO = YES;
				ONLY_ACTIVE_ARCH = YES;
				SDKROOT = macosx;
			};
			name = Debug;
		};
		03842FBF19D14F8400B92E96 /* Release */ = {
			isa = XCBuildConfiguration;
			buildSettings = {
				ALWAYS_SEARCH_USER_PATHS = NO;
				CLANG_CXX_LANGUAGE_STANDARD = "gnu++0x";
				CLANG_CXX_LIBRARY = "libc++";
				CLANG_ENABLE_MODULES = YES;
				CLANG_ENABLE_OBJC_ARC = YES;
				CLANG_WARN_BOOL_CONVERSION = YES;
				CLANG_WARN_CONSTANT_CONVERSION = YES;
				CLANG_WARN_DIRECT_OBJC_ISA_USAGE = YES_ERROR;
				CLANG_WARN_EMPTY_BODY = YES;
				CLANG_WARN_ENUM_CONVERSION = YES;
				CLANG_WARN_INT_CONVERSION = YES;
				CLANG_WARN_OBJC_ROOT_CLASS = YES_ERROR;
				CLANG_WARN_UNREACHABLE_CODE = YES;
				CLANG_WARN__DUPLICATE_METHOD_MATCH = YES;
				COPY_PHASE_STRIP = YES;
				DEBUG_INFORMATION_FORMAT = "dwarf-with-dsym";
				ENABLE_NS_ASSERTIONS = NO;
				ENABLE_STRICT_OBJC_MSGSEND = YES;
				GCC_C_LANGUAGE_STANDARD = gnu99;
				GCC_WARN_64_TO_32_BIT_CONVERSION = YES;
				GCC_WARN_ABOUT_RETURN_TYPE = YES_ERROR;
				GCC_WARN_UNDECLARED_SELECTOR = YES;
				GCC_WARN_UNINITIALIZED_AUTOS = YES_AGGRESSIVE;
				GCC_WARN_UNUSED_FUNCTION = YES;
				GCC_WARN_UNUSED_VARIABLE = YES;
				MACOSX_DEPLOYMENT_TARGET = 10.9;
				MTL_ENABLE_DEBUG_INFO = NO;
				SDKROOT = macosx;
			};
			name = Release;
		};
		03842FC119D14F8400B92E96 /* Debug */ = {
			isa = XCBuildConfiguration;
			buildSettings = {
				CLANG_ENABLE_OBJC_ARC = NO;
				PRODUCT_NAME = "$(TARGET_NAME)";
			};
			name = Debug;
		};
		03842FC219D14F8400B92E96 /* Release */ = {
			isa = XCBuildConfiguration;
			buildSettings = {
				CLANG_ENABLE_OBJC_ARC = NO;
				PRODUCT_NAME = "$(TARGET_NAME)";
			};
			name = Release;
		};
/* End XCBuildConfiguration section */

/* Begin XCConfigurationList section */
		03842FB419D14F8400B92E96 /* Build configuration list for PBXProject "FoundationFramework" */ = {
			isa = XCConfigurationList;
			buildConfigurations = (
				03842FBE19D14F8400B92E96 /* Debug */,
				03842FBF19D14F8400B92E96 /* Release */,
			);
			defaultConfigurationIsVisible = 0;
			defaultConfigurationName = Release;
		};
		03842FC019D14F8400B92E96 /* Build configuration list for PBXNativeTarget "FoundationFramework" */ = {
			isa = XCConfigurationList;
			buildConfigurations = (
				03842FC119D14F8400B92E96 /* Debug */,
				03842FC219D14F8400B92E96 /* Release */,
			);
			defaultConfigurationIsVisible = 0;
			defaultConfigurationName = Release;
		};
/* End XCConfigurationList section */
	};
	rootObject = 03842FB119D14F8400B92E96 /* Project object */;
}
