// !$*UTF8*$!
{
	archiveVersion = 1;
	classes = {
	};
	objectVersion = 46;
	objects = {

/* Begin PBXBuildFile section */
		03DD797E19D98D27006FB511 /* main.m in Sources */ = {isa = PBXBuildFile; fileRef = 03DD797D19D98D27006FB511 /* main.m */; };
		03DD798119D98D27006FB511 /* AppDelegate.m in Sources */ = {isa = PBXBuildFile; fileRef = 03DD798019D98D27006FB511 /* AppDelegate.m */; };
		03DD798319D98D27006FB511 /* Images.xcassets in Resources */ = {isa = PBXBuildFile; fileRef = 03DD798219D98D27006FB511 /* Images.xcassets */; };
		03DD798619D98D27006FB511 /* MainMenu.xib in Resources */ = {isa = PBXBuildFile; fileRef = 03DD798419D98D27006FB511 /* MainMenu.xib */; };
		03DD799219D98D27006FB511 /* CocoaFirstDemoTests.m in Sources */ = {isa = PBXBuildFile; fileRef = 03DD799119D98D27006FB511 /* CocoaFirstDemoTests.m */; };
		03DD799E19D98DE1006FB511 /* AppController.m in Sources */ = {isa = PBXBuildFile; fileRef = 03DD799D19D98DE1006FB511 /* AppController.m */; };
/* End PBXBuildFile section */

/* Begin PBXContainerItemProxy section */
		03DD798C19D98D27006FB511 /* PBXContainerItemProxy */ = {
			isa = PBXContainerItemProxy;
			containerPortal = 03DD797019D98D27006FB511 /* Project object */;
			proxyType = 1;
			remoteGlobalIDString = 03DD797719D98D27006FB511;
			remoteInfo = CocoaFirstDemo;
		};
/* End PBXContainerItemProxy section */

/* Begin PBXFileReference section */
		03DD797819D98D27006FB511 /* CocoaFirstDemo.app */ = {isa = PBXFileReference; explicitFileType = wrapper.application; includeInIndex = 0; path = CocoaFirstDemo.app; sourceTree = BUILT_PRODUCTS_DIR; };
		03DD797C19D98D27006FB511 /* Info.plist */ = {isa = PBXFileReference; lastKnownFileType = text.plist.xml; path = Info.plist; sourceTree = "<group>"; };
		03DD797D19D98D27006FB511 /* main.m */ = {isa = PBXFileReference; lastKnownFileType = sourcecode.c.objc; path = main.m; sourceTree = "<group>"; };
		03DD797F19D98D27006FB511 /* AppDelegate.h */ = {isa = PBXFileReference; lastKnownFileType = sourcecode.c.h; path = AppDelegate.h; sourceTree = "<group>"; };
		03DD798019D98D27006FB511 /* AppDelegate.m */ = {isa = PBXFileReference; lastKnownFileType = sourcecode.c.objc; path = AppDelegate.m; sourceTree = "<group>"; };
		03DD798219D98D27006FB511 /* Images.xcassets */ = {isa = PBXFileReference; lastKnownFileType = folder.assetcatalog; path = Images.xcassets; sourceTree = "<group>"; };
		03DD798519D98D27006FB511 /* Base */ = {isa = PBXFileReference; lastKnownFileType = file.xib; name = Base; path = Base.lproj/MainMenu.xib; sourceTree = "<group>"; };
		03DD798B19D98D27006FB511 /* CocoaFirstDemoTests.xctest */ = {isa = PBXFileReference; explicitFileType = wrapper.cfbundle; includeInIndex = 0; path = CocoaFirstDemoTests.xctest; sourceTree = BUILT_PRODUCTS_DIR; };
		03DD799019D98D27006FB511 /* Info.plist */ = {isa = PBXFileReference; lastKnownFileType = text.plist.xml; path = Info.plist; sourceTree = "<group>"; };
		03DD799119D98D27006FB511 /* CocoaFirstDemoTests.m */ = {isa = PBXFileReference; lastKnownFileType = sourcecode.c.objc; path = CocoaFirstDemoTests.m; sourceTree = "<group>"; };
		03DD799C19D98DE1006FB511 /* AppController.h */ = {isa = PBXFileReference; fileEncoding = 4; lastKnownFileType = sourcecode.c.h; path = AppController.h; sourceTree = "<group>"; };
		03DD799D19D98DE1006FB511 /* AppController.m */ = {isa = PBXFileReference; fileEncoding = 4; lastKnownFileType = sourcecode.c.objc; path = AppController.m; sourceTree = "<group>"; };
/* End PBXFileReference section */

/* Begin PBXFrameworksBuildPhase section */
		03DD797519D98D27006FB511 /* Frameworks */ = {
			isa = PBXFrameworksBuildPhase;
			buildActionMask = 2147483647;
			files = (
			);
			runOnlyForDeploymentPostprocessing = 0;
		};
		03DD798819D98D27006FB511 /* Frameworks */ = {
			isa = PBXFrameworksBuildPhase;
			buildActionMask = 2147483647;
			files = (
			);
			runOnlyForDeploymentPostprocessing = 0;
		};
/* End PBXFrameworksBuildPhase section */

/* Begin PBXGroup section */
		03DD796F19D98D27006FB511 = {
			isa = PBXGroup;
			children = (
				03DD797A19D98D27006FB511 /* CocoaFirstDemo */,
				03DD798E19D98D27006FB511 /* CocoaFirstDemoTests */,
				03DD797919D98D27006FB511 /* Products */,
			);
			sourceTree = "<group>";
		};
		03DD797919D98D27006FB511 /* Products */ = {
			isa = PBXGroup;
			children = (
				03DD797819D98D27006FB511 /* CocoaFirstDemo.app */,
				03DD798B19D98D27006FB511 /* CocoaFirstDemoTests.xctest */,
			);
			name = Products;
			sourceTree = "<group>";
		};
		03DD797A19D98D27006FB511 /* CocoaFirstDemo */ = {
			isa = PBXGroup;
			children = (
				03DD797F19D98D27006FB511 /* AppDelegate.h */,
				03DD798019D98D27006FB511 /* AppDelegate.m */,
				03DD798219D98D27006FB511 /* Images.xcassets */,
				03DD798419D98D27006FB511 /* MainMenu.xib */,
				03DD797B19D98D27006FB511 /* Supporting Files */,
				03DD799C19D98DE1006FB511 /* AppController.h */,
				03DD799D19D98DE1006FB511 /* AppController.m */,
			);
			path = CocoaFirstDemo;
			sourceTree = "<group>";
		};
		03DD797B19D98D27006FB511 /* Supporting Files */ = {
			isa = PBXGroup;
			children = (
				03DD797C19D98D27006FB511 /* Info.plist */,
				03DD797D19D98D27006FB511 /* main.m */,
			);
			name = "Supporting Files";
			sourceTree = "<group>";
		};
		03DD798E19D98D27006FB511 /* CocoaFirstDemoTests */ = {
			isa = PBXGroup;
			children = (
				03DD799119D98D27006FB511 /* CocoaFirstDemoTests.m */,
				03DD798F19D98D27006FB511 /* Supporting Files */,
			);
			path = CocoaFirstDemoTests;
			sourceTree = "<group>";
		};
		03DD798F19D98D27006FB511 /* Supporting Files */ = {
			isa = PBXGroup;
			children = (
				03DD799019D98D27006FB511 /* Info.plist */,
			);
			name = "Supporting Files";
			sourceTree = "<group>";
		};
/* End PBXGroup section */

/* Begin PBXNativeTarget section */
		03DD797719D98D27006FB511 /* CocoaFirstDemo */ = {
			isa = PBXNativeTarget;
			buildConfigurationList = 03DD799519D98D27006FB511 /* Build configuration list for PBXNativeTarget "CocoaFirstDemo" */;
			buildPhases = (
				03DD797419D98D27006FB511 /* Sources */,
				03DD797519D98D27006FB511 /* Frameworks */,
				03DD797619D98D27006FB511 /* Resources */,
			);
			buildRules = (
			);
			dependencies = (
			);
			name = CocoaFirstDemo;
			productName = CocoaFirstDemo;
			productReference = 03DD797819D98D27006FB511 /* CocoaFirstDemo.app */;
			productType = "com.apple.product-type.application";
		};
		03DD798A19D98D27006FB511 /* CocoaFirstDemoTests */ = {
			isa = PBXNativeTarget;
			buildConfigurationList = 03DD799819D98D27006FB511 /* Build configuration list for PBXNativeTarget "CocoaFirstDemoTests" */;
			buildPhases = (
				03DD798719D98D27006FB511 /* Sources */,
				03DD798819D98D27006FB511 /* Frameworks */,
				03DD798919D98D27006FB511 /* Resources */,
			);
			buildRules = (
			);
			dependencies = (
				03DD798D19D98D27006FB511 /* PBXTargetDependency */,
			);
			name = CocoaFirstDemoTests;
			productName = CocoaFirstDemoTests;
			productReference = 03DD798B19D98D27006FB511 /* CocoaFirstDemoTests.xctest */;
			productType = "com.apple.product-type.bundle.unit-test";
		};
/* End PBXNativeTarget section */

/* Begin PBXProject section */
		03DD797019D98D27006FB511 /* Project object */ = {
			isa = PBXProject;
			attributes = {
				LastUpgradeCheck = 0600;
				ORGANIZATIONNAME = Geekii;
				TargetAttributes = {
					03DD797719D98D27006FB511 = {
						CreatedOnToolsVersion = 6.0.1;
					};
					03DD798A19D98D27006FB511 = {
						CreatedOnToolsVersion = 6.0.1;
						TestTargetID = 03DD797719D98D27006FB511;
					};
				};
			};
			buildConfigurationList = 03DD797319D98D27006FB511 /* Build configuration list for PBXProject "CocoaFirstDemo" */;
			compatibilityVersion = "Xcode 3.2";
			developmentRegion = English;
			hasScannedForEncodings = 0;
			knownRegions = (
				en,
				Base,
			);
			mainGroup = 03DD796F19D98D27006FB511;
			productRefGroup = 03DD797919D98D27006FB511 /* Products */;
			projectDirPath = "";
			projectRoot = "";
			targets = (
				03DD797719D98D27006FB511 /* CocoaFirstDemo */,
				03DD798A19D98D27006FB511 /* CocoaFirstDemoTests */,
			);
		};
/* End PBXProject section */

/* Begin PBXResourcesBuildPhase section */
		03DD797619D98D27006FB511 /* Resources */ = {
			isa = PBXResourcesBuildPhase;
			buildActionMask = 2147483647;
			files = (
				03DD798319D98D27006FB511 /* Images.xcassets in Resources */,
				03DD798619D98D27006FB511 /* MainMenu.xib in Resources */,
			);
			runOnlyForDeploymentPostprocessing = 0;
		};
		03DD798919D98D27006FB511 /* Resources */ = {
			isa = PBXResourcesBuildPhase;
			buildActionMask = 2147483647;
			files = (
			);
			runOnlyForDeploymentPostprocessing = 0;
		};
/* End PBXResourcesBuildPhase section */

/* Begin PBXSourcesBuildPhase section */
		03DD797419D98D27006FB511 /* Sources */ = {
			isa = PBXSourcesBuildPhase;
			buildActionMask = 2147483647;
			files = (
				03DD798119D98D27006FB511 /* AppDelegate.m in Sources */,
				03DD799E19D98DE1006FB511 /* AppController.m in Sources */,
				03DD797E19D98D27006FB511 /* main.m in Sources */,
			);
			runOnlyForDeploymentPostprocessing = 0;
		};
		03DD798719D98D27006FB511 /* Sources */ = {
			isa = PBXSourcesBuildPhase;
			buildActionMask = 2147483647;
			files = (
				03DD799219D98D27006FB511 /* CocoaFirstDemoTests.m in Sources */,
			);
			runOnlyForDeploymentPostprocessing = 0;
		};
/* End PBXSourcesBuildPhase section */

/* Begin PBXTargetDependency section */
		03DD798D19D98D27006FB511 /* PBXTargetDependency */ = {
			isa = PBXTargetDependency;
			target = 03DD797719D98D27006FB511 /* CocoaFirstDemo */;
			targetProxy = 03DD798C19D98D27006FB511 /* PBXContainerItemProxy */;
		};
/* End PBXTargetDependency section */

/* Begin PBXVariantGroup section */
		03DD798419D98D27006FB511 /* MainMenu.xib */ = {
			isa = PBXVariantGroup;
			children = (
				03DD798519D98D27006FB511 /* Base */,
			);
			name = MainMenu.xib;
			sourceTree = "<group>";
		};
/* End PBXVariantGroup section */

/* Begin XCBuildConfiguration section */
		03DD799319D98D27006FB511 /* Debug */ = {
			isa = XCBuildConfiguration;
			buildSettings = {
				ALWAYS_SEARCH_USER_PATHS = NO;
				CLANG_CXX_LANGUAGE_STANDARD = "gnu++0x";
				CLANG_CXX_LIBRARY = "libc++";
				CLANG_ENABLE_MODULES = YES;
				CLANG_ENABLE_OBJC_ARC = YES;
				CLANG_WARN_BOOL_CONVERSION = YES;
				CLANG_WARN_CONSTANT_CONVERSION = YES;
				CLANG_WARN_DIRECT_OBJC_ISA_USAGE = YES_ERROR;
				CLANG_WARN_EMPTY_BODY = YES;
				CLANG_WARN_ENUM_CONVERSION = YES;
				CLANG_WARN_INT_CONVERSION = YES;
				CLANG_WARN_OBJC_ROOT_CLASS = YES_ERROR;
				CLANG_WARN_UNREACHABLE_CODE = YES;
				CLANG_WARN__DUPLICATE_METHOD_MATCH = YES;
				CODE_SIGN_IDENTITY = "-";
				COPY_PHASE_STRIP = NO;
				ENABLE_STRICT_OBJC_MSGSEND = YES;
				GCC_C_LANGUAGE_STANDARD = gnu99;
				GCC_DYNAMIC_NO_PIC = NO;
				GCC_OPTIMIZATION_LEVEL = 0;
				GCC_PREPROCESSOR_DEFINITIONS = (
					"DEBUG=1",
					"$(inherited)",
				);
				GCC_SYMBOLS_PRIVATE_EXTERN = NO;
				GCC_WARN_64_TO_32_BIT_CONVERSION = YES;
				GCC_WARN_ABOUT_RETURN_TYPE = YES_ERROR;
				GCC_WARN_UNDECLARED_SELECTOR = YES;
				GCC_WARN_UNINITIALIZED_AUTOS = YES_AGGRESSIVE;
				GCC_WARN_UNUSED_FUNCTION = YES;
				GCC_WARN_UNUSED_VARIABLE = YES;
				MACOSX_DEPLOYMENT_TARGET = 10.9;
				MTL_ENABLE_DEBUG_INFO = YES;
				ONLY_ACTIVE_ARCH = YES;
				SDKROOT = macosx;
			};
			name = Debug;
		};
		03DD799419D98D27006FB511 /* Release */ = {
			isa = XCBuildConfiguration;
			buildSettings = {
				ALWAYS_SEARCH_USER_PATHS = NO;
				CLANG_CXX_LANGUAGE_STANDARD = "gnu++0x";
				CLANG_CXX_LIBRARY = "libc++";
				CLANG_ENABLE_MODULES = YES;
				CLANG_ENABLE_OBJC_ARC = YES;
				CLANG_WARN_BOOL_CONVERSION = YES;
				CLANG_WARN_CONSTANT_CONVERSION = YES;
				CLANG_WARN_DIRECT_OBJC_ISA_USAGE = YES_ERROR;
				CLANG_WARN_EMPTY_BODY = YES;
				CLANG_WARN_ENUM_CONVERSION = YES;
				CLANG_WARN_INT_CONVERSION = YES;
				CLANG_WARN_OBJC_ROOT_CLASS = YES_ERROR;
				CLANG_WARN_UNREACHABLE_CODE = YES;
				CLANG_WARN__DUPLICATE_METHOD_MATCH = YES;
				CODE_SIGN_IDENTITY = "-";
				COPY_PHASE_STRIP = YES;
				DEBUG_INFORMATION_FORMAT = "dwarf-with-dsym";
				ENABLE_NS_ASSERTIONS = NO;
				ENABLE_STRICT_OBJC_MSGSEND = YES;
				GCC_C_LANGUAGE_STANDARD = gnu99;
				GCC_WARN_64_TO_32_BIT_CONVERSION = YES;
				GCC_WARN_ABOUT_RETURN_TYPE = YES_ERROR;
				GCC_WARN_UNDECLARED_SELECTOR = YES;
				GCC_WARN_UNINITIALIZED_AUTOS = YES_AGGRESSIVE;
				GCC_WARN_UNUSED_FUNCTION = YES;
				GCC_WARN_UNUSED_VARIABLE = YES;
				MACOSX_DEPLOYMENT_TARGET = 10.9;
				MTL_ENABLE_DEBUG_INFO = NO;
				SDKROOT = macosx;
			};
			name = Release;
		};
		03DD799619D98D27006FB511 /* Debug */ = {
			isa = XCBuildConfiguration;
			buildSettings = {
				ASSETCATALOG_COMPILER_APPICON_NAME = AppIcon;
				COMBINE_HIDPI_IMAGES = YES;
				INFOPLIST_FILE = CocoaFirstDemo/Info.plist;
				LD_RUNPATH_SEARCH_PATHS = "$(inherited) @executable_path/../Frameworks";
				PRODUCT_NAME = "$(TARGET_NAME)";
			};
			name = Debug;
		};
		03DD799719D98D27006FB511 /* Release */ = {
			isa = XCBuildConfiguration;
			buildSettings = {
				ASSETCATALOG_COMPILER_APPICON_NAME = AppIcon;
				COMBINE_HIDPI_IMAGES = YES;
				INFOPLIST_FILE = CocoaFirstDemo/Info.plist;
				LD_RUNPATH_SEARCH_PATHS = "$(inherited) @executable_path/../Frameworks";
				PRODUCT_NAME = "$(TARGET_NAME)";
			};
			name = Release;
		};
		03DD799919D98D27006FB511 /* Debug */ = {
			isa = XCBuildConfiguration;
			buildSettings = {
				BUNDLE_LOADER = "$(TEST_HOST)";
				COMBINE_HIDPI_IMAGES = YES;
				FRAMEWORK_SEARCH_PATHS = (
					"$(DEVELOPER_FRAMEWORKS_DIR)",
					"$(inherited)",
				);
				GCC_PREPROCESSOR_DEFINITIONS = (
					"DEBUG=1",
					"$(inherited)",
				);
				INFOPLIST_FILE = CocoaFirstDemoTests/Info.plist;
				LD_RUNPATH_SEARCH_PATHS = "$(inherited) @executable_path/../Frameworks @loader_path/../Frameworks";
				PRODUCT_NAME = "$(TARGET_NAME)";
				TEST_HOST = "$(BUILT_PRODUCTS_DIR)/CocoaFirstDemo.app/Contents/MacOS/CocoaFirstDemo";
			};
			name = Debug;
		};
		03DD799A19D98D27006FB511 /* Release */ = {
			isa = XCBuildConfiguration;
			buildSettings = {
				BUNDLE_LOADER = "$(TEST_HOST)";
				COMBINE_HIDPI_IMAGES = YES;
				FRAMEWORK_SEARCH_PATHS = (
					"$(DEVELOPER_FRAMEWORKS_DIR)",
					"$(inherited)",
				);
				INFOPLIST_FILE = CocoaFirstDemoTests/Info.plist;
				LD_RUNPATH_SEARCH_PATHS = "$(inherited) @executable_path/../Frameworks @loader_path/../Frameworks";
				PRODUCT_NAME = "$(TARGET_NAME)";
				TEST_HOST = "$(BUILT_PRODUCTS_DIR)/CocoaFirstDemo.app/Contents/MacOS/CocoaFirstDemo";
			};
			name = Release;
		};
/* End XCBuildConfiguration section */

/* Begin XCConfigurationList section */
		03DD797319D98D27006FB511 /* Build configuration list for PBXProject "CocoaFirstDemo" */ = {
			isa = XCConfigurationList;
			buildConfigurations = (
				03DD799319D98D27006FB511 /* Debug */,
				03DD799419D98D27006FB511 /* Release */,
			);
			defaultConfigurationIsVisible = 0;
			defaultConfigurationName = Release;
		};
		03DD799519D98D27006FB511 /* Build configuration list for PBXNativeTarget "CocoaFirstDemo" */ = {
			isa = XCConfigurationList;
			buildConfigurations = (
				03DD799619D98D27006FB511 /* Debug */,
				03DD799719D98D27006FB511 /* Release */,
			);
			defaultConfigurationIsVisible = 0;
		};
		03DD799819D98D27006FB511 /* Build configuration list for PBXNativeTarget "CocoaFirstDemoTests" */ = {
			isa = XCConfigurationList;
			buildConfigurations = (
				03DD799919D98D27006FB511 /* Debug */,
				03DD799A19D98D27006FB511 /* Release */,
			);
			defaultConfigurationIsVisible = 0;
		};
/* End XCConfigurationList section */
	};
	rootObject = 03DD797019D98D27006FB511 /* Project object */;
}
