// !$*UTF8*$!
{
	archiveVersion = 1;
	classes = {
	};
	objectVersion = 46;
	objects = {

/* Begin PBXBuildFile section */
		0390F2B219D01488000052AA /* main.m in Sources */ = {isa = PBXBuildFile; fileRef = 0390F2B119D01488000052AA /* main.m */; };
		0390F2BA19D014B8000052AA /* Book.m in Sources */ = {isa = PBXBuildFile; fileRef = 0390F2B919D014B8000052AA /* Book.m */; };
		0390F2BD19D0153D000052AA /* Student.m in Sources */ = {isa = PBXBuildFile; fileRef = 0390F2BC19D0153D000052AA /* Student.m */; };
/* End PBXBuildFile section */

/* Begin PBXCopyFilesBuildPhase section */
		0390F2AC19D01488000052AA /* CopyFiles */ = {
			isa = PBXCopyFilesBuildPhase;
			buildActionMask = 2147483647;
			dstPath = /usr/share/man/man1/;
			dstSubfolderSpec = 0;
			files = (
			);
			runOnlyForDeploymentPostprocessing = 1;
		};
/* End PBXCopyFilesBuildPhase section */

/* Begin PBXFileReference section */
		0390F2AE19D01488000052AA /* @ClassKeyword */ = {isa = PBXFileReference; explicitFileType = "compiled.mach-o.executable"; includeInIndex = 0; path = "@ClassKeyword"; sourceTree = BUILT_PRODUCTS_DIR; };
		0390F2B119D01488000052AA /* main.m */ = {isa = PBXFileReference; lastKnownFileType = sourcecode.c.objc; path = main.m; sourceTree = "<group>"; };
		0390F2B819D014B8000052AA /* Book.h */ = {isa = PBXFileReference; fileEncoding = 4; lastKnownFileType = sourcecode.c.h; path = Book.h; sourceTree = "<group>"; };
		0390F2B919D014B8000052AA /* Book.m */ = {isa = PBXFileReference; fileEncoding = 4; lastKnownFileType = sourcecode.c.objc; path = Book.m; sourceTree = "<group>"; };
		0390F2BB19D0153D000052AA /* Student.h */ = {isa = PBXFileReference; fileEncoding = 4; lastKnownFileType = sourcecode.c.h; path = Student.h; sourceTree = "<group>"; };
		0390F2BC19D0153D000052AA /* Student.m */ = {isa = PBXFileReference; fileEncoding = 4; lastKnownFileType = sourcecode.c.objc; path = Student.m; sourceTree = "<group>"; };
/* End PBXFileReference section */

/* Begin PBXFrameworksBuildPhase section */
		0390F2AB19D01488000052AA /* Frameworks */ = {
			isa = PBXFrameworksBuildPhase;
			buildActionMask = 2147483647;
			files = (
			);
			runOnlyForDeploymentPostprocessing = 0;
		};
/* End PBXFrameworksBuildPhase section */

/* Begin PBXGroup section */
		0390F2A519D01488000052AA = {
			isa = PBXGroup;
			children = (
				0390F2B019D01488000052AA /* @ClassKeyword */,
				0390F2AF19D01488000052AA /* Products */,
			);
			sourceTree = "<group>";
		};
		0390F2AF19D01488000052AA /* Products */ = {
			isa = PBXGroup;
			children = (
				0390F2AE19D01488000052AA /* @ClassKeyword */,
			);
			name = Products;
			sourceTree = "<group>";
		};
		0390F2B019D01488000052AA /* @ClassKeyword */ = {
			isa = PBXGroup;
			children = (
				0390F2B119D01488000052AA /* main.m */,
				0390F2B819D014B8000052AA /* Book.h */,
				0390F2B919D014B8000052AA /* Book.m */,
				0390F2BB19D0153D000052AA /* Student.h */,
				0390F2BC19D0153D000052AA /* Student.m */,
			);
			path = "@ClassKeyword";
			sourceTree = "<group>";
		};
/* End PBXGroup section */

/* Begin PBXNativeTarget section */
		0390F2AD19D01488000052AA /* @ClassKeyword */ = {
			isa = PBXNativeTarget;
			buildConfigurationList = 0390F2B519D01488000052AA /* Build configuration list for PBXNativeTarget "@ClassKeyword" */;
			buildPhases = (
				0390F2AA19D01488000052AA /* Sources */,
				0390F2AB19D01488000052AA /* Frameworks */,
				0390F2AC19D01488000052AA /* CopyFiles */,
			);
			buildRules = (
			);
			dependencies = (
			);
			name = "@ClassKeyword";
			productName = "@ClassKeyword";
			productReference = 0390F2AE19D01488000052AA /* @ClassKeyword */;
			productType = "com.apple.product-type.tool";
		};
/* End PBXNativeTarget section */

/* Begin PBXProject section */
		0390F2A619D01488000052AA /* Project object */ = {
			isa = PBXProject;
			attributes = {
				LastUpgradeCheck = 0600;
				ORGANIZATIONNAME = Geekii;
				TargetAttributes = {
					0390F2AD19D01488000052AA = {
						CreatedOnToolsVersion = 6.0.1;
					};
				};
			};
			buildConfigurationList = 0390F2A919D01488000052AA /* Build configuration list for PBXProject "@ClassKeyword" */;
			compatibilityVersion = "Xcode 3.2";
			developmentRegion = English;
			hasScannedForEncodings = 0;
			knownRegions = (
				en,
			);
			mainGroup = 0390F2A519D01488000052AA;
			productRefGroup = 0390F2AF19D01488000052AA /* Products */;
			projectDirPath = "";
			projectRoot = "";
			targets = (
				0390F2AD19D01488000052AA /* @ClassKeyword */,
			);
		};
/* End PBXProject section */

/* Begin PBXSourcesBuildPhase section */
		0390F2AA19D01488000052AA /* Sources */ = {
			isa = PBXSourcesBuildPhase;
			buildActionMask = 2147483647;
			files = (
				0390F2BA19D014B8000052AA /* Book.m in Sources */,
				0390F2B219D01488000052AA /* main.m in Sources */,
				0390F2BD19D0153D000052AA /* Student.m in Sources */,
			);
			runOnlyForDeploymentPostprocessing = 0;
		};
/* End PBXSourcesBuildPhase section */

/* Begin XCBuildConfiguration section */
		0390F2B319D01488000052AA /* Debug */ = {
			isa = XCBuildConfiguration;
			buildSettings = {
				ALWAYS_SEARCH_USER_PATHS = NO;
				CLANG_CXX_LANGUAGE_STANDARD = "gnu++0x";
				CLANG_CXX_LIBRARY = "libc++";
				CLANG_ENABLE_MODULES = YES;
				CLANG_ENABLE_OBJC_ARC = YES;
				CLANG_WARN_BOOL_CONVERSION = YES;
				CLANG_WARN_CONSTANT_CONVERSION = YES;
				CLANG_WARN_DIRECT_OBJC_ISA_USAGE = YES_ERROR;
				CLANG_WARN_EMPTY_BODY = YES;
				CLANG_WARN_ENUM_CONVERSION = YES;
				CLANG_WARN_INT_CONVERSION = YES;
				CLANG_WARN_OBJC_ROOT_CLASS = YES_ERROR;
				CLANG_WARN_UNREACHABLE_CODE = YES;
				CLANG_WARN__DUPLICATE_METHOD_MATCH = YES;
				COPY_PHASE_STRIP = NO;
				ENABLE_STRICT_OBJC_MSGSEND = YES;
				GCC_C_LANGUAGE_STANDARD = gnu99;
				GCC_DYNAMIC_NO_PIC = NO;
				GCC_OPTIMIZATION_LEVEL = 0;
				GCC_PREPROCESSOR_DEFINITIONS = (
					"DEBUG=1",
					"$(inherited)",
				);
				GCC_SYMBOLS_PRIVATE_EXTERN = NO;
				GCC_WARN_64_TO_32_BIT_CONVERSION = YES;
				GCC_WARN_ABOUT_RETURN_TYPE = YES_ERROR;
				GCC_WARN_UNDECLARED_SELECTOR = YES;
				GCC_WARN_UNINITIALIZED_AUTOS = YES_AGGRESSIVE;
				GCC_WARN_UNUSED_FUNCTION = YES;
				GCC_WARN_UNUSED_VARIABLE = YES;
				MACOSX_DEPLOYMENT_TARGET = 10.9;
				MTL_ENABLE_DEBUG_INFO = YES;
				ONLY_ACTIVE_ARCH = YES;
				SDKROOT = macosx;
			};
			name = Debug;
		};
		0390F2B419D01488000052AA /* Release */ = {
			isa = XCBuildConfiguration;
			buildSettings = {
				ALWAYS_SEARCH_USER_PATHS = NO;
				CLANG_CXX_LANGUAGE_STANDARD = "gnu++0x";
				CLANG_CXX_LIBRARY = "libc++";
				CLANG_ENABLE_MODULES = YES;
				CLANG_ENABLE_OBJC_ARC = YES;
				CLANG_WARN_BOOL_CONVERSION = YES;
				CLANG_WARN_CONSTANT_CONVERSION = YES;
				CLANG_WARN_DIRECT_OBJC_ISA_USAGE = YES_ERROR;
				CLANG_WARN_EMPTY_BODY = YES;
				CLANG_WARN_ENUM_CONVERSION = YES;
				CLANG_WARN_INT_CONVERSION = YES;
				CLANG_WARN_OBJC_ROOT_CLASS = YES_ERROR;
				CLANG_WARN_UNREACHABLE_CODE = YES;
				CLANG_WARN__DUPLICATE_METHOD_MATCH = YES;
				COPY_PHASE_STRIP = YES;
				DEBUG_INFORMATION_FORMAT = "dwarf-with-dsym";
				ENABLE_NS_ASSERTIONS = NO;
				ENABLE_STRICT_OBJC_MSGSEND = YES;
				GCC_C_LANGUAGE_STANDARD = gnu99;
				GCC_WARN_64_TO_32_BIT_CONVERSION = YES;
				GCC_WARN_ABOUT_RETURN_TYPE = YES_ERROR;
				GCC_WARN_UNDECLARED_SELECTOR = YES;
				GCC_WARN_UNINITIALIZED_AUTOS = YES_AGGRESSIVE;
				GCC_WARN_UNUSED_FUNCTION = YES;
				GCC_WARN_UNUSED_VARIABLE = YES;
				MACOSX_DEPLOYMENT_TARGET = 10.9;
				MTL_ENABLE_DEBUG_INFO = NO;
				SDKROOT = macosx;
			};
			name = Release;
		};
		0390F2B619D01488000052AA /* Debug */ = {
			isa = XCBuildConfiguration;
			buildSettings = {
				CLANG_ENABLE_OBJC_ARC = NO;
				PRODUCT_NAME = "$(TARGET_NAME)";
			};
			name = Debug;
		};
		0390F2B719D01488000052AA /* Release */ = {
			isa = XCBuildConfiguration;
			buildSettings = {
				CLANG_ENABLE_OBJC_ARC = NO;
				PRODUCT_NAME = "$(TARGET_NAME)";
			};
			name = Release;
		};
/* End XCBuildConfiguration section */

/* Begin XCConfigurationList section */
		0390F2A919D01488000052AA /* Build configuration list for PBXProject "@ClassKeyword" */ = {
			isa = XCConfigurationList;
			buildConfigurations = (
				0390F2B319D01488000052AA /* Debug */,
				0390F2B419D01488000052AA /* Release */,
			);
			defaultConfigurationIsVisible = 0;
			defaultConfigurationName = Release;
		};
		0390F2B519D01488000052AA /* Build configuration list for PBXNativeTarget "@ClassKeyword" */ = {
			isa = XCConfigurationList;
			buildConfigurations = (
				0390F2B619D01488000052AA /* Debug */,
				0390F2B719D01488000052AA /* Release */,
			);
			defaultConfigurationIsVisible = 0;
		};
/* End XCConfigurationList section */
	};
	rootObject = 0390F2A619D01488000052AA /* Project object */;
}
