// !$*UTF8*$!
{
	archiveVersion = 1;
	classes = {
	};
	objectVersion = 46;
	objects = {

/* Begin PBXBuildFile section */
		0390F2CB19D0590D000052AA /* main.m in Sources */ = {isa = PBXBuildFile; fileRef = 0390F2CA19D0590D000052AA /* main.m */; };
		0390F2D319D059A7000052AA /* Student.m in Sources */ = {isa = PBXBuildFile; fileRef = 0390F2D219D059A7000052AA /* Student.m */; };
		0390F2D619D05B3F000052AA /* Student+Test.m in Sources */ = {isa = PBXBuildFile; fileRef = 0390F2D519D05B3F000052AA /* Student+Test.m */; };
/* End PBXBuildFile section */

/* Begin PBXCopyFilesBuildPhase section */
		0390F2C519D0590D000052AA /* CopyFiles */ = {
			isa = PBXCopyFilesBuildPhase;
			buildActionMask = 2147483647;
			dstPath = /usr/share/man/man1/;
			dstSubfolderSpec = 0;
			files = (
			);
			runOnlyForDeploymentPostprocessing = 1;
		};
/* End PBXCopyFilesBuildPhase section */

/* Begin PBXFileReference section */
		0390F2C719D0590D000052AA /* Category_Demo */ = {isa = PBXFileReference; explicitFileType = "compiled.mach-o.executable"; includeInIndex = 0; path = Category_Demo; sourceTree = BUILT_PRODUCTS_DIR; };
		0390F2CA19D0590D000052AA /* main.m */ = {isa = PBXFileReference; lastKnownFileType = sourcecode.c.objc; path = main.m; sourceTree = "<group>"; };
		0390F2D119D059A7000052AA /* Student.h */ = {isa = PBXFileReference; fileEncoding = 4; lastKnownFileType = sourcecode.c.h; path = Student.h; sourceTree = "<group>"; };
		0390F2D219D059A7000052AA /* Student.m */ = {isa = PBXFileReference; fileEncoding = 4; lastKnownFileType = sourcecode.c.objc; path = Student.m; sourceTree = "<group>"; };
		0390F2D419D05B3F000052AA /* Student+Test.h */ = {isa = PBXFileReference; fileEncoding = 4; lastKnownFileType = sourcecode.c.h; path = "Student+Test.h"; sourceTree = "<group>"; };
		0390F2D519D05B3F000052AA /* Student+Test.m */ = {isa = PBXFileReference; fileEncoding = 4; lastKnownFileType = sourcecode.c.objc; path = "Student+Test.m"; sourceTree = "<group>"; };
/* End PBXFileReference section */

/* Begin PBXFrameworksBuildPhase section */
		0390F2C419D0590D000052AA /* Frameworks */ = {
			isa = PBXFrameworksBuildPhase;
			buildActionMask = 2147483647;
			files = (
			);
			runOnlyForDeploymentPostprocessing = 0;
		};
/* End PBXFrameworksBuildPhase section */

/* Begin PBXGroup section */
		0390F2BE19D0590D000052AA = {
			isa = PBXGroup;
			children = (
				0390F2C919D0590D000052AA /* Category_Demo */,
				0390F2C819D0590D000052AA /* Products */,
			);
			sourceTree = "<group>";
		};
		0390F2C819D0590D000052AA /* Products */ = {
			isa = PBXGroup;
			children = (
				0390F2C719D0590D000052AA /* Category_Demo */,
			);
			name = Products;
			sourceTree = "<group>";
		};
		0390F2C919D0590D000052AA /* Category_Demo */ = {
			isa = PBXGroup;
			children = (
				0390F2CA19D0590D000052AA /* main.m */,
				0390F2D119D059A7000052AA /* Student.h */,
				0390F2D219D059A7000052AA /* Student.m */,
				0390F2D419D05B3F000052AA /* Student+Test.h */,
				0390F2D519D05B3F000052AA /* Student+Test.m */,
			);
			path = Category_Demo;
			sourceTree = "<group>";
		};
/* End PBXGroup section */

/* Begin PBXNativeTarget section */
		0390F2C619D0590D000052AA /* Category_Demo */ = {
			isa = PBXNativeTarget;
			buildConfigurationList = 0390F2CE19D0590D000052AA /* Build configuration list for PBXNativeTarget "Category_Demo" */;
			buildPhases = (
				0390F2C319D0590D000052AA /* Sources */,
				0390F2C419D0590D000052AA /* Frameworks */,
				0390F2C519D0590D000052AA /* CopyFiles */,
			);
			buildRules = (
			);
			dependencies = (
			);
			name = Category_Demo;
			productName = Category_Demo;
			productReference = 0390F2C719D0590D000052AA /* Category_Demo */;
			productType = "com.apple.product-type.tool";
		};
/* End PBXNativeTarget section */

/* Begin PBXProject section */
		0390F2BF19D0590D000052AA /* Project object */ = {
			isa = PBXProject;
			attributes = {
				LastUpgradeCheck = 0600;
				ORGANIZATIONNAME = Geekii;
				TargetAttributes = {
					0390F2C619D0590D000052AA = {
						CreatedOnToolsVersion = 6.0.1;
					};
				};
			};
			buildConfigurationList = 0390F2C219D0590D000052AA /* Build configuration list for PBXProject "Category_Demo" */;
			compatibilityVersion = "Xcode 3.2";
			developmentRegion = English;
			hasScannedForEncodings = 0;
			knownRegions = (
				en,
			);
			mainGroup = 0390F2BE19D0590D000052AA;
			productRefGroup = 0390F2C819D0590D000052AA /* Products */;
			projectDirPath = "";
			projectRoot = "";
			targets = (
				0390F2C619D0590D000052AA /* Category_Demo */,
			);
		};
/* End PBXProject section */

/* Begin PBXSourcesBuildPhase section */
		0390F2C319D0590D000052AA /* Sources */ = {
			isa = PBXSourcesBuildPhase;
			buildActionMask = 2147483647;
			files = (
				0390F2CB19D0590D000052AA /* main.m in Sources */,
				0390F2D619D05B3F000052AA /* Student+Test.m in Sources */,
				0390F2D319D059A7000052AA /* Student.m in Sources */,
			);
			runOnlyForDeploymentPostprocessing = 0;
		};
/* End PBXSourcesBuildPhase section */

/* Begin XCBuildConfiguration section */
		0390F2CC19D0590D000052AA /* Debug */ = {
			isa = XCBuildConfiguration;
			buildSettings = {
				ALWAYS_SEARCH_USER_PATHS = NO;
				CLANG_CXX_LANGUAGE_STANDARD = "gnu++0x";
				CLANG_CXX_LIBRARY = "libc++";
				CLANG_ENABLE_MODULES = YES;
				CLANG_ENABLE_OBJC_ARC = YES;
				CLANG_WARN_BOOL_CONVERSION = YES;
				CLANG_WARN_CONSTANT_CONVERSION = YES;
				CLANG_WARN_DIRECT_OBJC_ISA_USAGE = YES_ERROR;
				CLANG_WARN_EMPTY_BODY = YES;
				CLANG_WARN_ENUM_CONVERSION = YES;
				CLANG_WARN_INT_CONVERSION = YES;
				CLANG_WARN_OBJC_ROOT_CLASS = YES_ERROR;
				CLANG_WARN_UNREACHABLE_CODE = YES;
				CLANG_WARN__DUPLICATE_METHOD_MATCH = YES;
				COPY_PHASE_STRIP = NO;
				ENABLE_STRICT_OBJC_MSGSEND = YES;
				GCC_C_LANGUAGE_STANDARD = gnu99;
				GCC_DYNAMIC_NO_PIC = NO;
				GCC_OPTIMIZATION_LEVEL = 0;
				GCC_PREPROCESSOR_DEFINITIONS = (
					"DEBUG=1",
					"$(inherited)",
				);
				GCC_SYMBOLS_PRIVATE_EXTERN = NO;
				GCC_WARN_64_TO_32_BIT_CONVERSION = YES;
				GCC_WARN_ABOUT_RETURN_TYPE = YES_ERROR;
				GCC_WARN_UNDECLARED_SELECTOR = YES;
				GCC_WARN_UNINITIALIZED_AUTOS = YES_AGGRESSIVE;
				GCC_WARN_UNUSED_FUNCTION = YES;
				GCC_WARN_UNUSED_VARIABLE = YES;
				MACOSX_DEPLOYMENT_TARGET = 10.9;
				MTL_ENABLE_DEBUG_INFO = YES;
				ONLY_ACTIVE_ARCH = YES;
				SDKROOT = macosx;
			};
			name = Debug;
		};
		0390F2CD19D0590D000052AA /* Release */ = {
			isa = XCBuildConfiguration;
			buildSettings = {
				ALWAYS_SEARCH_USER_PATHS = NO;
				CLANG_CXX_LANGUAGE_STANDARD = "gnu++0x";
				CLANG_CXX_LIBRARY = "libc++";
				CLANG_ENABLE_MODULES = YES;
				CLANG_ENABLE_OBJC_ARC = YES;
				CLANG_WARN_BOOL_CONVERSION = YES;
				CLANG_WARN_CONSTANT_CONVERSION = YES;
				CLANG_WARN_DIRECT_OBJC_ISA_USAGE = YES_ERROR;
				CLANG_WARN_EMPTY_BODY = YES;
				CLANG_WARN_ENUM_CONVERSION = YES;
				CLANG_WARN_INT_CONVERSION = YES;
				CLANG_WARN_OBJC_ROOT_CLASS = YES_ERROR;
				CLANG_WARN_UNREACHABLE_CODE = YES;
				CLANG_WARN__DUPLICATE_METHOD_MATCH = YES;
				COPY_PHASE_STRIP = YES;
				DEBUG_INFORMATION_FORMAT = "dwarf-with-dsym";
				ENABLE_NS_ASSERTIONS = NO;
				ENABLE_STRICT_OBJC_MSGSEND = YES;
				GCC_C_LANGUAGE_STANDARD = gnu99;
				GCC_WARN_64_TO_32_BIT_CONVERSION = YES;
				GCC_WARN_ABOUT_RETURN_TYPE = YES_ERROR;
				GCC_WARN_UNDECLARED_SELECTOR = YES;
				GCC_WARN_UNINITIALIZED_AUTOS = YES_AGGRESSIVE;
				GCC_WARN_UNUSED_FUNCTION = YES;
				GCC_WARN_UNUSED_VARIABLE = YES;
				MACOSX_DEPLOYMENT_TARGET = 10.9;
				MTL_ENABLE_DEBUG_INFO = NO;
				SDKROOT = macosx;
			};
			name = Release;
		};
		0390F2CF19D0590D000052AA /* Debug */ = {
			isa = XCBuildConfiguration;
			buildSettings = {
				CLANG_ENABLE_OBJC_ARC = NO;
				PRODUCT_NAME = "$(TARGET_NAME)";
			};
			name = Debug;
		};
		0390F2D019D0590D000052AA /* Release */ = {
			isa = XCBuildConfiguration;
			buildSettings = {
				CLANG_ENABLE_OBJC_ARC = NO;
				PRODUCT_NAME = "$(TARGET_NAME)";
			};
			name = Release;
		};
/* End XCBuildConfiguration section */

/* Begin XCConfigurationList section */
		0390F2C219D0590D000052AA /* Build configuration list for PBXProject "Category_Demo" */ = {
			isa = XCConfigurationList;
			buildConfigurations = (
				0390F2CC19D0590D000052AA /* Debug */,
				0390F2CD19D0590D000052AA /* Release */,
			);
			defaultConfigurationIsVisible = 0;
			defaultConfigurationName = Release;
		};
		0390F2CE19D0590D000052AA /* Build configuration list for PBXNativeTarget "Category_Demo" */ = {
			isa = XCConfigurationList;
			buildConfigurations = (
				0390F2CF19D0590D000052AA /* Debug */,
				0390F2D019D0590D000052AA /* Release */,
			);
			defaultConfigurationIsVisible = 0;
		};
/* End XCConfigurationList section */
	};
	rootObject = 0390F2BF19D0590D000052AA /* Project object */;
}
